<?xml version="1.0" encoding="utf-8"?>
<Project ToolsVersion="4.0" xmlns="http://schemas.microsoft.com/developer/msbuild/2003">
  <ItemGroup>
    <Filter Include="리소스 파일">
      <UniqueIdentifier>{67DA6AB6-F800-4c08-8B7A-83BB121AAD01}</UniqueIdentifier>
      <Extensions>rc;ico;cur;bmp;dlg;rc2;rct;bin;rgs;gif;jpg;jpeg;jpe;resx;tiff;tif;png;wav;mfcribbon-ms</Extensions>
    </Filter>
    <Filter Include="PlayerScript">
      <UniqueIdentifier>{6793d89b-2d66-4f61-b700-4f1487cc4459}</UniqueIdentifier>
    </Filter>
    <Filter Include="PlayScene">
      <UniqueIdentifier>{ed442631-6fea-49f7-92d9-6c7082791d75}</UniqueIdentifier>
    </Filter>
  </ItemGroup>
  <ItemGroup>
    <ClInclude Include="PlayerScript.h">
      <Filter>PlayerScript</Filter>
    </ClInclude>
    <ClInclude Include="PlayScene.h">
      <Filter>PlayScene</Filter>
    </ClInclude>
    <ClInclude Include="LoadScene.h">
      <Filter>PlayScene</Filter>
    </ClInclude>
  </ItemGroup>
  <ItemGroup>
    <ClCompile Include="PlayerScript.cpp">
      <Filter>PlayerScript</Filter>
    </ClCompile>
    <ClCompile Include="PlayScene.cpp">
      <Filter>PlayScene</Filter>
    </ClCompile>
  </ItemGroup>
</Project>